
Microsoft Visual Studio Solution File, Format Version 12.00
# Visual Studio 15
VisualStudioVersion = 15.0.27004.2005
MinimumVisualStudioVersion = 10.0.40219.1
Project("{FAE04EC0-301F-11D3-BF4B-00C04F79EFBC}") = "CGLab1", "imp4\CGLab1.csproj", "{A4119ADD-99F7-4BD1-863B-CDD8D7B7B1A4}"
EndProject
Global
	GlobalSection(SolutionConfigurationPlatforms) = preSolution
		Debug|x86 = Debug|x86
		Release|x86 = Release|x86
	EndGlobalSection
	GlobalSection(ProjectConfigurationPlatforms) = postSolution
		{A4119ADD-99F7-4BD1-863B-CDD8D7B7B1A4}.Debug|x86.ActiveCfg = Debug|x86
		{A4119ADD-99F7-4BD1-863B-CDD8D7B7B1A4}.Debug|x86.Build.0 = Debug|x86
		{A4119ADD-99F7-4BD1-863B-CDD8D7B7B1A4}.Release|x86.ActiveCfg = Release|x86
		{A4119ADD-99F7-4BD1-863B-CDD8D7B7B1A4}.Release|x86.Build.0 = Release|x86
	EndGlobalSection
	GlobalSection(SolutionProperties) = preSolution
		HideSolutionNode = FALSE
	EndGlobalSection
	GlobalSection(ExtensibilityGlobals) = postSolution
		SolutionGuid = {2C774A74-A218-40E7-A6C1-FB46261FC5DC}
	EndGlobalSection
EndGlobal
